<?xml version="1.0" encoding="utf-8"?>
<Project ToolsVersion="4.0" xmlns:atg="http://atg.xbox.com" xmlns="http://schemas.microsoft.com/developer/msbuild/2003">
  <ItemGroup>
    <Filter Include="Resource Files">
      <UniqueIdentifier>{8e114980-c1a3-4ada-ad7c-83caadf5daeb}</UniqueIdentifier>
      <Extensions>rc;ico;cur;bmp;dlg;rc2;rct;bin;rgs;gif;jpg;jpeg;jpe</Extensions>
    </Filter>
  </ItemGroup>
  <ItemGroup>
    <ClCompile Include="..\..\effects11\Effects11DLL.cpp" />
    <ClCompile Include="..\..\effects11\pchfx.cpp" />
    <ClCompile Include="..\..\effects11\d3dxGlobal.cpp" />
    <ClCompile Include="..\..\effects11\EffectAPI.cpp" />
    <ClCompile Include="..\..\effects11\EffectLoad.cpp" />
    <ClCompile Include="..\..\effects11\EffectNonRuntime.cpp" />
    <ClCompile Include="..\..\effects11\EffectReflection.cpp" />
    <ClCompile Include="..\..\effects11\EffectRuntime.cpp" />
  </ItemGroup>
  <ItemGroup>
    <ClInclude Include="..\..\effects11\Effects11exp.h" />
    <ClInclude Include="..\..\effects11\Effects11vers.h" />
    <CLInclude Include="..\..\effects11\pchfx.h" />
    <CLInclude Include="..\..\effects11\Inc\d3dx11effect.h" />
    <CLInclude Include="..\..\effects11\Inc\d3dxglobal.h" />
    <CLInclude Include="..\..\effects11\Binary\EffectBinaryFormat.h" />
    <CLInclude Include="..\..\effects11\Binary\EffectStateBase11.h" />
    <CLInclude Include="..\..\effects11\Binary\EffectStates11.h" />
    <CLInclude Include="..\..\effects11\Binary\SOParser.h" />
    <CLInclude Include="..\..\effects11\Effect.h" />
    <CLInclude Include="..\..\effects11\EffectLoad.h" />
    <ClInclude Include="..\..\effects11\PlatformHelpers.h" />
    <ClInclude Include="..\..\effects11\Resources\resource.h" />
    <CLInclude Include="..\..\effects11\IUnknownImp.h" />
  </ItemGroup>
  <ItemGroup>
    <ResourceCompile Include="..\..\effects11\Resources\Effects11.rc">
      <Filter>Resource Files</Filter>
    </ResourceCompile>
  </ItemGroup>
  <ItemGroup>
    <Image Include="..\..\effects11\Resources\directx.ico">
      <Filter>Resource Files</Filter>
    </Image>
  </ItemGroup>
  <ItemGroup>
    <None Include="..\..\effects11\EffectVariable.inl" />
  </ItemGroup>
</Project>